// !$*UTF8*$!
{
	archiveVersion = 1;
	classes = {
	};
	objectVersion = 56;
	objects = {

/* Begin PBXBuildFile section */
		A704D3FF2B7F88D20005F8A5 /* IconButtonView.swift in Sources */ = {isa = PBXBuildFile; fileRef = A704D3FE2B7F88D20005F8A5 /* IconButtonView.swift */; };
		A704D4022B7F8BDC0005F8A5 /* MainMenuOptionView.swift in Sources */ = {isa = PBXBuildFile; fileRef = A704D4012B7F8BDC0005F8A5 /* MainMenuOptionView.swift */; };
		A704D4092B7F93520005F8A5 /* ModalView.swift in Sources */ = {isa = PBXBuildFile; fileRef = A704D4082B7F93520005F8A5 /* ModalView.swift */; };
		A7138D0D2B7B8C2E0031B709 /* WhoseLineApp.swift in Sources */ = {isa = PBXBuildFile; fileRef = A7138D0C2B7B8C2E0031B709 /* WhoseLineApp.swift */; };
		A7138D112B7B8C2F0031B709 /* Assets.xcassets in Resources */ = {isa = PBXBuildFile; fileRef = A7138D102B7B8C2F0031B709 /* Assets.xcassets */; };
		A7138D142B7B8C2F0031B709 /* Preview Assets.xcassets in Resources */ = {isa = PBXBuildFile; fileRef = A7138D132B7B8C2F0031B709 /* Preview Assets.xcassets */; };
		A7138D1B2B7B8C660031B709 /* MainMenuView.swift in Sources */ = {isa = PBXBuildFile; fileRef = A7138D1A2B7B8C660031B709 /* MainMenuView.swift */; };
		A7138D202B7B8CD90031B709 /* HomeView.swift in Sources */ = {isa = PBXBuildFile; fileRef = A7138D1F2B7B8CD90031B709 /* HomeView.swift */; };
		A7138D232B7B8D060031B709 /* AppState.swift in Sources */ = {isa = PBXBuildFile; fileRef = A7138D222B7B8D060031B709 /* AppState.swift */; };
		A7138D292B7B8DF60031B709 /* PreviewProvider.swift in Sources */ = {isa = PBXBuildFile; fileRef = A7138D282B7B8DF60031B709 /* PreviewProvider.swift */; };
		A7138D2D2B7B8EE00031B709 /* WideButtonView.swift in Sources */ = {isa = PBXBuildFile; fileRef = A7138D2C2B7B8EE00031B709 /* WideButtonView.swift */; };
		A7138D2F2B7B902A0031B709 /* Color.swift in Sources */ = {isa = PBXBuildFile; fileRef = A7138D2E2B7B902A0031B709 /* Color.swift */; };
		A7138D312B7B938B0031B709 /* GameView.swift in Sources */ = {isa = PBXBuildFile; fileRef = A7138D302B7B938B0031B709 /* GameView.swift */; };
		A7138D352B7B93EE0031B709 /* HomeViewModel.swift in Sources */ = {isa = PBXBuildFile; fileRef = A7138D342B7B93EE0031B709 /* HomeViewModel.swift */; };
		A74A325C2B81814700438E8C /* SettingsModalView.swift in Sources */ = {isa = PBXBuildFile; fileRef = A74A325B2B81814700438E8C /* SettingsModalView.swift */; };
		A74A325E2B8182B500438E8C /* LanguagePickerView.swift in Sources */ = {isa = PBXBuildFile; fileRef = A74A325D2B8182B500438E8C /* LanguagePickerView.swift */; };
		A74A32612B823A2700438E8C /* GameInfoModalView.swift in Sources */ = {isa = PBXBuildFile; fileRef = A74A32602B823A2700438E8C /* GameInfoModalView.swift */; };
		A74A32632B825F1F00438E8C /* Localizable.xcstrings in Resources */ = {isa = PBXBuildFile; fileRef = A74A32622B825F1F00438E8C /* Localizable.xcstrings */; };
		A74A32672B82606D00438E8C /* QuestionsManager.swift in Sources */ = {isa = PBXBuildFile; fileRef = A74A32662B82606D00438E8C /* QuestionsManager.swift */; };
/* End PBXBuildFile section */

/* Begin PBXFileReference section */
		A704D3FE2B7F88D20005F8A5 /* IconButtonView.swift */ = {isa = PBXFileReference; lastKnownFileType = sourcecode.swift; path = IconButtonView.swift; sourceTree = "<group>"; };
		A704D4012B7F8BDC0005F8A5 /* MainMenuOptionView.swift */ = {isa = PBXFileReference; lastKnownFileType = sourcecode.swift; path = MainMenuOptionView.swift; sourceTree = "<group>"; };
		A704D4082B7F93520005F8A5 /* ModalView.swift */ = {isa = PBXFileReference; lastKnownFileType = sourcecode.swift; path = ModalView.swift; sourceTree = "<group>"; };
		A7138D092B7B8C2E0031B709 /* WhoseLine.app */ = {isa = PBXFileReference; explicitFileType = wrapper.application; includeInIndex = 0; path = WhoseLine.app; sourceTree = BUILT_PRODUCTS_DIR; };
		A7138D0C2B7B8C2E0031B709 /* WhoseLineApp.swift */ = {isa = PBXFileReference; lastKnownFileType = sourcecode.swift; path = WhoseLineApp.swift; sourceTree = "<group>"; };
		A7138D102B7B8C2F0031B709 /* Assets.xcassets */ = {isa = PBXFileReference; lastKnownFileType = folder.assetcatalog; path = Assets.xcassets; sourceTree = "<group>"; };
		A7138D132B7B8C2F0031B709 /* Preview Assets.xcassets */ = {isa = PBXFileReference; lastKnownFileType = folder.assetcatalog; path = "Preview Assets.xcassets"; sourceTree = "<group>"; };
		A7138D1A2B7B8C660031B709 /* MainMenuView.swift */ = {isa = PBXFileReference; lastKnownFileType = sourcecode.swift; path = MainMenuView.swift; sourceTree = "<group>"; };
		A7138D1F2B7B8CD90031B709 /* HomeView.swift */ = {isa = PBXFileReference; lastKnownFileType = sourcecode.swift; path = HomeView.swift; sourceTree = "<group>"; };
		A7138D222B7B8D060031B709 /* AppState.swift */ = {isa = PBXFileReference; lastKnownFileType = sourcecode.swift; path = AppState.swift; sourceTree = "<group>"; };
		A7138D282B7B8DF60031B709 /* PreviewProvider.swift */ = {isa = PBXFileReference; lastKnownFileType = sourcecode.swift; path = PreviewProvider.swift; sourceTree = "<group>"; };
		A7138D2C2B7B8EE00031B709 /* WideButtonView.swift */ = {isa = PBXFileReference; lastKnownFileType = sourcecode.swift; path = WideButtonView.swift; sourceTree = "<group>"; };
		A7138D2E2B7B902A0031B709 /* Color.swift */ = {isa = PBXFileReference; lastKnownFileType = sourcecode.swift; path = Color.swift; sourceTree = "<group>"; };
		A7138D302B7B938B0031B709 /* GameView.swift */ = {isa = PBXFileReference; lastKnownFileType = sourcecode.swift; path = GameView.swift; sourceTree = "<group>"; };
		A7138D342B7B93EE0031B709 /* HomeViewModel.swift */ = {isa = PBXFileReference; lastKnownFileType = sourcecode.swift; path = HomeViewModel.swift; sourceTree = "<group>"; };
		A74A325B2B81814700438E8C /* SettingsModalView.swift */ = {isa = PBXFileReference; lastKnownFileType = sourcecode.swift; path = SettingsModalView.swift; sourceTree = "<group>"; };
		A74A325D2B8182B500438E8C /* LanguagePickerView.swift */ = {isa = PBXFileReference; lastKnownFileType = sourcecode.swift; path = LanguagePickerView.swift; sourceTree = "<group>"; };
		A74A32602B823A2700438E8C /* GameInfoModalView.swift */ = {isa = PBXFileReference; lastKnownFileType = sourcecode.swift; path = GameInfoModalView.swift; sourceTree = "<group>"; };
		A74A32622B825F1F00438E8C /* Localizable.xcstrings */ = {isa = PBXFileReference; lastKnownFileType = text.json.xcstrings; path = Localizable.xcstrings; sourceTree = "<group>"; };
		A74A32662B82606D00438E8C /* QuestionsManager.swift */ = {isa = PBXFileReference; lastKnownFileType = sourcecode.swift; path = QuestionsManager.swift; sourceTree = "<group>"; };
/* End PBXFileReference section */

/* Begin PBXFrameworksBuildPhase section */
		A7138D062B7B8C2E0031B709 /* Frameworks */ = {
			isa = PBXFrameworksBuildPhase;
			buildActionMask = 2147483647;
			files = (
			);
			runOnlyForDeploymentPostprocessing = 0;
		};
/* End PBXFrameworksBuildPhase section */

/* Begin PBXGroup section */
		A704D4002B7F8BCB0005F8A5 /* MainMenu */ = {
			isa = PBXGroup;
			children = (
				A7138D1A2B7B8C660031B709 /* MainMenuView.swift */,
				A704D4012B7F8BDC0005F8A5 /* MainMenuOptionView.swift */,
				A74A325B2B81814700438E8C /* SettingsModalView.swift */,
				A74A325D2B8182B500438E8C /* LanguagePickerView.swift */,
			);
			path = MainMenu;
			sourceTree = "<group>";
		};
		A704D4032B7F93160005F8A5 /* Modals */ = {
			isa = PBXGroup;
			children = (
				A704D4082B7F93520005F8A5 /* ModalView.swift */,
			);
			path = Modals;
			sourceTree = "<group>";
		};
		A7138D002B7B8C2E0031B709 = {
			isa = PBXGroup;
			children = (
				A7138D0B2B7B8C2E0031B709 /* WhoseLine */,
				A7138D0A2B7B8C2E0031B709 /* Products */,
			);
			sourceTree = "<group>";
		};
		A7138D0A2B7B8C2E0031B709 /* Products */ = {
			isa = PBXGroup;
			children = (
				A7138D092B7B8C2E0031B709 /* WhoseLine.app */,
			);
			name = Products;
			sourceTree = "<group>";
		};
		A7138D0B2B7B8C2E0031B709 /* WhoseLine */ = {
			isa = PBXGroup;
			children = (
				A7138D2A2B7B8ED10031B709 /* UI */,
				A7138D272B7B8DEA0031B709 /* Extensions */,
				A7138D242B7B8D340031B709 /* Managers */,
				A7138D212B7B8CE10031B709 /* Models */,
				A7138D1E2B7B8CCA0031B709 /* App */,
				A7138D1D2B7B8CBA0031B709 /* ViewModels */,
				A7138D1C2B7B8CAF0031B709 /* Views */,
				A7138D102B7B8C2F0031B709 /* Assets.xcassets */,
				A7138D122B7B8C2F0031B709 /* Preview Content */,
				A74A32622B825F1F00438E8C /* Localizable.xcstrings */,
			);
			path = WhoseLine;
			sourceTree = "<group>";
		};
		A7138D122B7B8C2F0031B709 /* Preview Content */ = {
			isa = PBXGroup;
			children = (
				A7138D132B7B8C2F0031B709 /* Preview Assets.xcassets */,
			);
			path = "Preview Content";
			sourceTree = "<group>";
		};
		A7138D1C2B7B8CAF0031B709 /* Views */ = {
			isa = PBXGroup;
			children = (
				A74A325F2B823A1400438E8C /* Game */,
				A704D4002B7F8BCB0005F8A5 /* MainMenu */,
				A7138D1F2B7B8CD90031B709 /* HomeView.swift */,
			);
			path = Views;
			sourceTree = "<group>";
		};
		A7138D1D2B7B8CBA0031B709 /* ViewModels */ = {
			isa = PBXGroup;
			children = (
				A7138D342B7B93EE0031B709 /* HomeViewModel.swift */,
			);
			path = ViewModels;
			sourceTree = "<group>";
		};
		A7138D1E2B7B8CCA0031B709 /* App */ = {
			isa = PBXGroup;
			children = (
				A7138D0C2B7B8C2E0031B709 /* WhoseLineApp.swift */,
			);
			path = App;
			sourceTree = "<group>";
		};
		A7138D212B7B8CE10031B709 /* Models */ = {
			isa = PBXGroup;
			children = (
				A7138D222B7B8D060031B709 /* AppState.swift */,
			);
			path = Models;
			sourceTree = "<group>";
		};
		A7138D242B7B8D340031B709 /* Managers */ = {
			isa = PBXGroup;
			children = (
				A74A32662B82606D00438E8C /* QuestionsManager.swift */,
			);
			path = Managers;
			sourceTree = "<group>";
		};
		A7138D272B7B8DEA0031B709 /* Extensions */ = {
			isa = PBXGroup;
			children = (
				A7138D282B7B8DF60031B709 /* PreviewProvider.swift */,
				A7138D2E2B7B902A0031B709 /* Color.swift */,
			);
			path = Extensions;
			sourceTree = "<group>";
		};
		A7138D2A2B7B8ED10031B709 /* UI */ = {
			isa = PBXGroup;
			children = (
				A704D4032B7F93160005F8A5 /* Modals */,
				A7138D2B2B7B8ED60031B709 /* Buttons */,
			);
			path = UI;
			sourceTree = "<group>";
		};
		A7138D2B2B7B8ED60031B709 /* Buttons */ = {
			isa = PBXGroup;
			children = (
				A7138D2C2B7B8EE00031B709 /* WideButtonView.swift */,
				A704D3FE2B7F88D20005F8A5 /* IconButtonView.swift */,
			);
			path = Buttons;
			sourceTree = "<group>";
		};
		A74A325F2B823A1400438E8C /* Game */ = {
			isa = PBXGroup;
			children = (
				A7138D302B7B938B0031B709 /* GameView.swift */,
				A74A32602B823A2700438E8C /* GameInfoModalView.swift */,
			);
			path = Game;
			sourceTree = "<group>";
		};
/* End PBXGroup section */

/* Begin PBXNativeTarget section */
		A7138D082B7B8C2E0031B709 /* WhoseLine */ = {
			isa = PBXNativeTarget;
			buildConfigurationList = A7138D172B7B8C2F0031B709 /* Build configuration list for PBXNativeTarget "WhoseLine" */;
			buildPhases = (
				A7138D052B7B8C2E0031B709 /* Sources */,
				A7138D062B7B8C2E0031B709 /* Frameworks */,
				A7138D072B7B8C2E0031B709 /* Resources */,
			);
			buildRules = (
			);
			dependencies = (
			);
			name = WhoseLine;
			productName = WhoseLine;
			productReference = A7138D092B7B8C2E0031B709 /* WhoseLine.app */;
			productType = "com.apple.product-type.application";
		};
/* End PBXNativeTarget section */

/* Begin PBXProject section */
		A7138D012B7B8C2E0031B709 /* Project object */ = {
			isa = PBXProject;
			attributes = {
				BuildIndependentTargetsInParallel = 1;
				LastSwiftUpdateCheck = 1430;
				LastUpgradeCheck = 1430;
				TargetAttributes = {
					A7138D082B7B8C2E0031B709 = {
						CreatedOnToolsVersion = 14.3.1;
					};
				};
			};
			buildConfigurationList = A7138D042B7B8C2E0031B709 /* Build configuration list for PBXProject "WhoseLine" */;
			compatibilityVersion = "Xcode 14.0";
			developmentRegion = en;
			hasScannedForEncodings = 0;
			knownRegions = (
				en,
				Base,
				pl,
			);
			mainGroup = A7138D002B7B8C2E0031B709;
			productRefGroup = A7138D0A2B7B8C2E0031B709 /* Products */;
			projectDirPath = "";
			projectRoot = "";
			targets = (
				A7138D082B7B8C2E0031B709 /* WhoseLine */,
			);
		};
/* End PBXProject section */

/* Begin PBXResourcesBuildPhase section */
		A7138D072B7B8C2E0031B709 /* Resources */ = {
			isa = PBXResourcesBuildPhase;
			buildActionMask = 2147483647;
			files = (
				A7138D142B7B8C2F0031B709 /* Preview Assets.xcassets in Resources */,
				A7138D112B7B8C2F0031B709 /* Assets.xcassets in Resources */,
				A74A32632B825F1F00438E8C /* Localizable.xcstrings in Resources */,
			);
			runOnlyForDeploymentPostprocessing = 0;
		};
/* End PBXResourcesBuildPhase section */

/* Begin PBXSourcesBuildPhase section */
		A7138D052B7B8C2E0031B709 /* Sources */ = {
			isa = PBXSourcesBuildPhase;
			buildActionMask = 2147483647;
			files = (
				A7138D202B7B8CD90031B709 /* HomeView.swift in Sources */,
				A7138D292B7B8DF60031B709 /* PreviewProvider.swift in Sources */,
				A74A325E2B8182B500438E8C /* LanguagePickerView.swift in Sources */,
				A7138D1B2B7B8C660031B709 /* MainMenuView.swift in Sources */,
				A7138D352B7B93EE0031B709 /* HomeViewModel.swift in Sources */,
				A7138D0D2B7B8C2E0031B709 /* WhoseLineApp.swift in Sources */,
				A704D3FF2B7F88D20005F8A5 /* IconButtonView.swift in Sources */,
				A74A32672B82606D00438E8C /* QuestionsManager.swift in Sources */,
				A704D4092B7F93520005F8A5 /* ModalView.swift in Sources */,
				A7138D312B7B938B0031B709 /* GameView.swift in Sources */,
				A7138D232B7B8D060031B709 /* AppState.swift in Sources */,
				A74A32612B823A2700438E8C /* GameInfoModalView.swift in Sources */,
				A7138D2F2B7B902A0031B709 /* Color.swift in Sources */,
				A74A325C2B81814700438E8C /* SettingsModalView.swift in Sources */,
				A7138D2D2B7B8EE00031B709 /* WideButtonView.swift in Sources */,
				A704D4022B7F8BDC0005F8A5 /* MainMenuOptionView.swift in Sources */,
			);
			runOnlyForDeploymentPostprocessing = 0;
		};
/* End PBXSourcesBuildPhase section */

/* Begin XCBuildConfiguration section */
		A7138D152B7B8C2F0031B709 /* Debug */ = {
			isa = XCBuildConfiguration;
			buildSettings = {
				ALWAYS_SEARCH_USER_PATHS = NO;
				CLANG_ANALYZER_NONNULL = YES;
				CLANG_ANALYZER_NUMBER_OBJECT_CONVERSION = YES_AGGRESSIVE;
				CLANG_CXX_LANGUAGE_STANDARD = "gnu++20";
				CLANG_ENABLE_MODULES = YES;
				CLANG_ENABLE_OBJC_ARC = YES;
				CLANG_ENABLE_OBJC_WEAK = YES;
				CLANG_WARN_BLOCK_CAPTURE_AUTORELEASING = YES;
				CLANG_WARN_BOOL_CONVERSION = YES;
				CLANG_WARN_COMMA = YES;
				CLANG_WARN_CONSTANT_CONVERSION = YES;
				CLANG_WARN_DEPRECATED_OBJC_IMPLEMENTATIONS = YES;
				CLANG_WARN_DIRECT_OBJC_ISA_USAGE = YES_ERROR;
				CLANG_WARN_DOCUMENTATION_COMMENTS = YES;
				CLANG_WARN_EMPTY_BODY = YES;
				CLANG_WARN_ENUM_CONVERSION = YES;
				CLANG_WARN_INFINITE_RECURSION = YES;
				CLANG_WARN_INT_CONVERSION = YES;
				CLANG_WARN_NON_LITERAL_NULL_CONVERSION = YES;
				CLANG_WARN_OBJC_IMPLICIT_RETAIN_SELF = YES;
				CLANG_WARN_OBJC_LITERAL_CONVERSION = YES;
				CLANG_WARN_OBJC_ROOT_CLASS = YES_ERROR;
				CLANG_WARN_QUOTED_INCLUDE_IN_FRAMEWORK_HEADER = YES;
				CLANG_WARN_RANGE_LOOP_ANALYSIS = YES;
				CLANG_WARN_STRICT_PROTOTYPES = YES;
				CLANG_WARN_SUSPICIOUS_MOVE = YES;
				CLANG_WARN_UNGUARDED_AVAILABILITY = YES_AGGRESSIVE;
				CLANG_WARN_UNREACHABLE_CODE = YES;
				CLANG_WARN__DUPLICATE_METHOD_MATCH = YES;
				COPY_PHASE_STRIP = NO;
				DEBUG_INFORMATION_FORMAT = dwarf;
				ENABLE_STRICT_OBJC_MSGSEND = YES;
				ENABLE_TESTABILITY = YES;
				GCC_C_LANGUAGE_STANDARD = gnu11;
				GCC_DYNAMIC_NO_PIC = NO;
				GCC_NO_COMMON_BLOCKS = YES;
				GCC_OPTIMIZATION_LEVEL = 0;
				GCC_PREPROCESSOR_DEFINITIONS = (
					"DEBUG=1",
					"$(inherited)",
				);
				GCC_WARN_64_TO_32_BIT_CONVERSION = YES;
				GCC_WARN_ABOUT_RETURN_TYPE = YES_ERROR;
				GCC_WARN_UNDECLARED_SELECTOR = YES;
				GCC_WARN_UNINITIALIZED_AUTOS = YES_AGGRESSIVE;
				GCC_WARN_UNUSED_FUNCTION = YES;
				GCC_WARN_UNUSED_VARIABLE = YES;
				IPHONEOS_DEPLOYMENT_TARGET = 16.4;
				MTL_ENABLE_DEBUG_INFO = INCLUDE_SOURCE;
				MTL_FAST_MATH = YES;
				ONLY_ACTIVE_ARCH = YES;
				SDKROOT = iphoneos;
				SWIFT_ACTIVE_COMPILATION_CONDITIONS = DEBUG;
				SWIFT_OPTIMIZATION_LEVEL = "-Onone";
			};
			name = Debug;
		};
		A7138D162B7B8C2F0031B709 /* Release */ = {
			isa = XCBuildConfiguration;
			buildSettings = {
				ALWAYS_SEARCH_USER_PATHS = NO;
				CLANG_ANALYZER_NONNULL = YES;
				CLANG_ANALYZER_NUMBER_OBJECT_CONVERSION = YES_AGGRESSIVE;
				CLANG_CXX_LANGUAGE_STANDARD = "gnu++20";
				CLANG_ENABLE_MODULES = YES;
				CLANG_ENABLE_OBJC_ARC = YES;
				CLANG_ENABLE_OBJC_WEAK = YES;
				CLANG_WARN_BLOCK_CAPTURE_AUTORELEASING = YES;
				CLANG_WARN_BOOL_CONVERSION = YES;
				CLANG_WARN_COMMA = YES;
				CLANG_WARN_CONSTANT_CONVERSION = YES;
				CLANG_WARN_DEPRECATED_OBJC_IMPLEMENTATIONS = YES;
				CLANG_WARN_DIRECT_OBJC_ISA_USAGE = YES_ERROR;
				CLANG_WARN_DOCUMENTATION_COMMENTS = YES;
				CLANG_WARN_EMPTY_BODY = YES;
				CLANG_WARN_ENUM_CONVERSION = YES;
				CLANG_WARN_INFINITE_RECURSION = YES;
				CLANG_WARN_INT_CONVERSION = YES;
				CLANG_WARN_NON_LITERAL_NULL_CONVERSION = YES;
				CLANG_WARN_OBJC_IMPLICIT_RETAIN_SELF = YES;
				CLANG_WARN_OBJC_LITERAL_CONVERSION = YES;
				CLANG_WARN_OBJC_ROOT_CLASS = YES_ERROR;
				CLANG_WARN_QUOTED_INCLUDE_IN_FRAMEWORK_HEADER = YES;
				CLANG_WARN_RANGE_LOOP_ANALYSIS = YES;
				CLANG_WARN_STRICT_PROTOTYPES = YES;
				CLANG_WARN_SUSPICIOUS_MOVE = YES;
				CLANG_WARN_UNGUARDED_AVAILABILITY = YES_AGGRESSIVE;
				CLANG_WARN_UNREACHABLE_CODE = YES;
				CLANG_WARN__DUPLICATE_METHOD_MATCH = YES;
				COPY_PHASE_STRIP = NO;
				DEBUG_INFORMATION_FORMAT = "dwarf-with-dsym";
				ENABLE_NS_ASSERTIONS = NO;
				ENABLE_STRICT_OBJC_MSGSEND = YES;
				GCC_C_LANGUAGE_STANDARD = gnu11;
				GCC_NO_COMMON_BLOCKS = YES;
				GCC_WARN_64_TO_32_BIT_CONVERSION = YES;
				GCC_WARN_ABOUT_RETURN_TYPE = YES_ERROR;
				GCC_WARN_UNDECLARED_SELECTOR = YES;
				GCC_WARN_UNINITIALIZED_AUTOS = YES_AGGRESSIVE;
				GCC_WARN_UNUSED_FUNCTION = YES;
				GCC_WARN_UNUSED_VARIABLE = YES;
				IPHONEOS_DEPLOYMENT_TARGET = 16.4;
				MTL_ENABLE_DEBUG_INFO = NO;
				MTL_FAST_MATH = YES;
				SDKROOT = iphoneos;
				SWIFT_COMPILATION_MODE = wholemodule;
				SWIFT_OPTIMIZATION_LEVEL = "-O";
				VALIDATE_PRODUCT = YES;
			};
			name = Release;
		};
		A7138D182B7B8C2F0031B709 /* Debug */ = {
			isa = XCBuildConfiguration;
			buildSettings = {
				ASSETCATALOG_COMPILER_APPICON_NAME = AppIcon;
				ASSETCATALOG_COMPILER_GLOBAL_ACCENT_COLOR_NAME = AccentColor;
				CODE_SIGN_STYLE = Automatic;
				CURRENT_PROJECT_VERSION = 1;
				DEVELOPMENT_ASSET_PATHS = "\"WhoseLine/Preview Content\"";
				DEVELOPMENT_TEAM = U567PBZ4LV;
				ENABLE_PREVIEWS = YES;
				GENERATE_INFOPLIST_FILE = YES;
				INFOPLIST_KEY_UIApplicationSceneManifest_Generation = YES;
				INFOPLIST_KEY_UIApplicationSupportsIndirectInputEvents = YES;
				INFOPLIST_KEY_UILaunchScreen_Generation = YES;
				INFOPLIST_KEY_UISupportedInterfaceOrientations_iPad = "UIInterfaceOrientationPortrait UIInterfaceOrientationPortraitUpsideDown UIInterfaceOrientationLandscapeLeft UIInterfaceOrientationLandscapeRight";
				INFOPLIST_KEY_UISupportedInterfaceOrientations_iPhone = "UIInterfaceOrientationPortrait UIInterfaceOrientationLandscapeLeft UIInterfaceOrientationLandscapeRight";
				LD_RUNPATH_SEARCH_PATHS = (
					"$(inherited)",
					"@executable_path/Frameworks",
				);
				MARKETING_VERSION = 1.0;
				PRODUCT_BUNDLE_IDENTIFIER = com.kmekarski.WhoseLine;
				PRODUCT_NAME = "$(TARGET_NAME)";
				SWIFT_EMIT_LOC_STRINGS = YES;
				SWIFT_VERSION = 5.0;
				TARGETED_DEVICE_FAMILY = "1,2";
			};
			name = Debug;
		};
		A7138D192B7B8C2F0031B709 /* Release */ = {
			isa = XCBuildConfiguration;
			buildSettings = {
				ASSETCATALOG_COMPILER_APPICON_NAME = AppIcon;
				ASSETCATALOG_COMPILER_GLOBAL_ACCENT_COLOR_NAME = AccentColor;
				CODE_SIGN_STYLE = Automatic;
				CURRENT_PROJECT_VERSION = 1;
				DEVELOPMENT_ASSET_PATHS = "\"WhoseLine/Preview Content\"";
				DEVELOPMENT_TEAM = U567PBZ4LV;
				ENABLE_PREVIEWS = YES;
				GENERATE_INFOPLIST_FILE = YES;
				INFOPLIST_KEY_UIApplicationSceneManifest_Generation = YES;
				INFOPLIST_KEY_UIApplicationSupportsIndirectInputEvents = YES;
				INFOPLIST_KEY_UILaunchScreen_Generation = YES;
				INFOPLIST_KEY_UISupportedInterfaceOrientations_iPad = "UIInterfaceOrientationPortrait UIInterfaceOrientationPortraitUpsideDown UIInterfaceOrientationLandscapeLeft UIInterfaceOrientationLandscapeRight";
				INFOPLIST_KEY_UISupportedInterfaceOrientations_iPhone = "UIInterfaceOrientationPortrait UIInterfaceOrientationLandscapeLeft UIInterfaceOrientationLandscapeRight";
				LD_RUNPATH_SEARCH_PATHS = (
					"$(inherited)",
					"@executable_path/Frameworks",
				);
				MARKETING_VERSION = 1.0;
				PRODUCT_BUNDLE_IDENTIFIER = com.kmekarski.WhoseLine;
				PRODUCT_NAME = "$(TARGET_NAME)";
				SWIFT_EMIT_LOC_STRINGS = YES;
				SWIFT_VERSION = 5.0;
				TARGETED_DEVICE_FAMILY = "1,2";
			};
			name = Release;
		};
/* End XCBuildConfiguration section */

/* Begin XCConfigurationList section */
		A7138D042B7B8C2E0031B709 /* Build configuration list for PBXProject "WhoseLine" */ = {
			isa = XCConfigurationList;
			buildConfigurations = (
				A7138D152B7B8C2F0031B709 /* Debug */,
				A7138D162B7B8C2F0031B709 /* Release */,
			);
			defaultConfigurationIsVisible = 0;
			defaultConfigurationName = Release;
		};
		A7138D172B7B8C2F0031B709 /* Build configuration list for PBXNativeTarget "WhoseLine" */ = {
			isa = XCConfigurationList;
			buildConfigurations = (
				A7138D182B7B8C2F0031B709 /* Debug */,
				A7138D192B7B8C2F0031B709 /* Release */,
			);
			defaultConfigurationIsVisible = 0;
			defaultConfigurationName = Release;
		};
/* End XCConfigurationList section */
	};
	rootObject = A7138D012B7B8C2E0031B709 /* Project object */;
}
